// !$*UTF8*$!
{
	archiveVersion = 1;
	classes = {
	};
	objectVersion = 50;
	objects = {

/* Begin PBXBuildFile section */
		32CAEAC7271B2F980002C4BF /* AppDelegate.swift in Sources */ = {isa = PBXBuildFile; fileRef = 32CAEAC6271B2F980002C4BF /* AppDelegate.swift */; };
		32CAEAC9271B2F980002C4BF /* SceneDelegate.swift in Sources */ = {isa = PBXBuildFile; fileRef = 32CAEAC8271B2F980002C4BF /* SceneDelegate.swift */; };
		32CAEACB271B2F980002C4BF /* ViewController.swift in Sources */ = {isa = PBXBuildFile; fileRef = 32CAEACA271B2F980002C4BF /* ViewController.swift */; };
		32CAEACE271B2F980002C4BF /* Main.storyboard in Resources */ = {isa = PBXBuildFile; fileRef = 32CAEACC271B2F980002C4BF /* Main.storyboard */; };
		32CAEAD0271B2FA10002C4BF /* Assets.xcassets in Resources */ = {isa = PBXBuildFile; fileRef = 32CAEACF271B2FA10002C4BF /* Assets.xcassets */; };
		32CAEAD3271B2FA10002C4BF /* LaunchScreen.storyboard in Resources */ = {isa = PBXBuildFile; fileRef = 32CAEAD1271B2FA10002C4BF /* LaunchScreen.storyboard */; };
		32CAEADE271B2FA10002C4BF /* UserDefaultsTests.swift in Sources */ = {isa = PBXBuildFile; fileRef = 32CAEADD271B2FA10002C4BF /* UserDefaultsTests.swift */; };
		32CAEAE9271B2FA10002C4BF /* UserDefaultsUITests.swift in Sources */ = {isa = PBXBuildFile; fileRef = 32CAEAE8271B2FA10002C4BF /* UserDefaultsUITests.swift */; };
/* End PBXBuildFile section */

/* Begin PBXContainerItemProxy section */
		32CAEADA271B2FA10002C4BF /* PBXContainerItemProxy */ = {
			isa = PBXContainerItemProxy;
			containerPortal = 32CAEABB271B2F980002C4BF /* Project object */;
			proxyType = 1;
			remoteGlobalIDString = 32CAEAC2271B2F980002C4BF;
			remoteInfo = UserDefaults;
		};
		32CAEAE5271B2FA10002C4BF /* PBXContainerItemProxy */ = {
			isa = PBXContainerItemProxy;
			containerPortal = 32CAEABB271B2F980002C4BF /* Project object */;
			proxyType = 1;
			remoteGlobalIDString = 32CAEAC2271B2F980002C4BF;
			remoteInfo = UserDefaults;
		};
/* End PBXContainerItemProxy section */

/* Begin PBXFileReference section */
		32CAEAC3271B2F980002C4BF /* UserDefaults.app */ = {isa = PBXFileReference; explicitFileType = wrapper.application; includeInIndex = 0; path = UserDefaults.app; sourceTree = BUILT_PRODUCTS_DIR; };
		32CAEAC6271B2F980002C4BF /* AppDelegate.swift */ = {isa = PBXFileReference; lastKnownFileType = sourcecode.swift; path = AppDelegate.swift; sourceTree = "<group>"; };
		32CAEAC8271B2F980002C4BF /* SceneDelegate.swift */ = {isa = PBXFileReference; lastKnownFileType = sourcecode.swift; path = SceneDelegate.swift; sourceTree = "<group>"; };
		32CAEACA271B2F980002C4BF /* ViewController.swift */ = {isa = PBXFileReference; lastKnownFileType = sourcecode.swift; path = ViewController.swift; sourceTree = "<group>"; };
		32CAEACD271B2F980002C4BF /* Base */ = {isa = PBXFileReference; lastKnownFileType = file.storyboard; name = Base; path = Base.lproj/Main.storyboard; sourceTree = "<group>"; };
		32CAEACF271B2FA10002C4BF /* Assets.xcassets */ = {isa = PBXFileReference; lastKnownFileType = folder.assetcatalog; path = Assets.xcassets; sourceTree = "<group>"; };
		32CAEAD2271B2FA10002C4BF /* Base */ = {isa = PBXFileReference; lastKnownFileType = file.storyboard; name = Base; path = Base.lproj/LaunchScreen.storyboard; sourceTree = "<group>"; };
		32CAEAD4271B2FA10002C4BF /* Info.plist */ = {isa = PBXFileReference; lastKnownFileType = text.plist.xml; path = Info.plist; sourceTree = "<group>"; };
		32CAEAD9271B2FA10002C4BF /* UserDefaultsTests.xctest */ = {isa = PBXFileReference; explicitFileType = wrapper.cfbundle; includeInIndex = 0; path = UserDefaultsTests.xctest; sourceTree = BUILT_PRODUCTS_DIR; };
		32CAEADD271B2FA10002C4BF /* UserDefaultsTests.swift */ = {isa = PBXFileReference; lastKnownFileType = sourcecode.swift; path = UserDefaultsTests.swift; sourceTree = "<group>"; };
		32CAEADF271B2FA10002C4BF /* Info.plist */ = {isa = PBXFileReference; lastKnownFileType = text.plist.xml; path = Info.plist; sourceTree = "<group>"; };
		32CAEAE4271B2FA10002C4BF /* UserDefaultsUITests.xctest */ = {isa = PBXFileReference; explicitFileType = wrapper.cfbundle; includeInIndex = 0; path = UserDefaultsUITests.xctest; sourceTree = BUILT_PRODUCTS_DIR; };
		32CAEAE8271B2FA10002C4BF /* UserDefaultsUITests.swift */ = {isa = PBXFileReference; lastKnownFileType = sourcecode.swift; path = UserDefaultsUITests.swift; sourceTree = "<group>"; };
		32CAEAEA271B2FA10002C4BF /* Info.plist */ = {isa = PBXFileReference; lastKnownFileType = text.plist.xml; path = Info.plist; sourceTree = "<group>"; };
/* End PBXFileReference section */

/* Begin PBXFrameworksBuildPhase section */
		32CAEAC0271B2F980002C4BF /* Frameworks */ = {
			isa = PBXFrameworksBuildPhase;
			buildActionMask = 2147483647;
			files = (
			);
			runOnlyForDeploymentPostprocessing = 0;
		};
		32CAEAD6271B2FA10002C4BF /* Frameworks */ = {
			isa = PBXFrameworksBuildPhase;
			buildActionMask = 2147483647;
			files = (
			);
			runOnlyForDeploymentPostprocessing = 0;
		};
		32CAEAE1271B2FA10002C4BF /* Frameworks */ = {
			isa = PBXFrameworksBuildPhase;
			buildActionMask = 2147483647;
			files = (
			);
			runOnlyForDeploymentPostprocessing = 0;
		};
/* End PBXFrameworksBuildPhase section */

/* Begin PBXGroup section */
		32CAEABA271B2F980002C4BF = {
			isa = PBXGroup;
			children = (
				32CAEAC5271B2F980002C4BF /* UserDefaults */,
				32CAEADC271B2FA10002C4BF /* UserDefaultsTests */,
				32CAEAE7271B2FA10002C4BF /* UserDefaultsUITests */,
				32CAEAC4271B2F980002C4BF /* Products */,
			);
			sourceTree = "<group>";
		};
		32CAEAC4271B2F980002C4BF /* Products */ = {
			isa = PBXGroup;
			children = (
				32CAEAC3271B2F980002C4BF /* UserDefaults.app */,
				32CAEAD9271B2FA10002C4BF /* UserDefaultsTests.xctest */,
				32CAEAE4271B2FA10002C4BF /* UserDefaultsUITests.xctest */,
			);
			name = Products;
			sourceTree = "<group>";
		};
		32CAEAC5271B2F980002C4BF /* UserDefaults */ = {
			isa = PBXGroup;
			children = (
				32CAEAC6271B2F980002C4BF /* AppDelegate.swift */,
				32CAEAC8271B2F980002C4BF /* SceneDelegate.swift */,
				32CAEACA271B2F980002C4BF /* ViewController.swift */,
				32CAEACC271B2F980002C4BF /* Main.storyboard */,
				32CAEACF271B2FA10002C4BF /* Assets.xcassets */,
				32CAEAD1271B2FA10002C4BF /* LaunchScreen.storyboard */,
				32CAEAD4271B2FA10002C4BF /* Info.plist */,
			);
			path = UserDefaults;
			sourceTree = "<group>";
		};
		32CAEADC271B2FA10002C4BF /* UserDefaultsTests */ = {
			isa = PBXGroup;
			children = (
				32CAEADD271B2FA10002C4BF /* UserDefaultsTests.swift */,
				32CAEADF271B2FA10002C4BF /* Info.plist */,
			);
			path = UserDefaultsTests;
			sourceTree = "<group>";
		};
		32CAEAE7271B2FA10002C4BF /* UserDefaultsUITests */ = {
			isa = PBXGroup;
			children = (
				32CAEAE8271B2FA10002C4BF /* UserDefaultsUITests.swift */,
				32CAEAEA271B2FA10002C4BF /* Info.plist */,
			);
			path = UserDefaultsUITests;
			sourceTree = "<group>";
		};
/* End PBXGroup section */

/* Begin PBXNativeTarget section */
		32CAEAC2271B2F980002C4BF /* UserDefaults */ = {
			isa = PBXNativeTarget;
			buildConfigurationList = 32CAEAED271B2FA10002C4BF /* Build configuration list for PBXNativeTarget "UserDefaults" */;
			buildPhases = (
				32CAEABF271B2F980002C4BF /* Sources */,
				32CAEAC0271B2F980002C4BF /* Frameworks */,
				32CAEAC1271B2F980002C4BF /* Resources */,
			);
			buildRules = (
			);
			dependencies = (
			);
			name = UserDefaults;
			productName = UserDefaults;
			productReference = 32CAEAC3271B2F980002C4BF /* UserDefaults.app */;
			productType = "com.apple.product-type.application";
		};
		32CAEAD8271B2FA10002C4BF /* UserDefaultsTests */ = {
			isa = PBXNativeTarget;
			buildConfigurationList = 32CAEAF0271B2FA10002C4BF /* Build configuration list for PBXNativeTarget "UserDefaultsTests" */;
			buildPhases = (
				32CAEAD5271B2FA10002C4BF /* Sources */,
				32CAEAD6271B2FA10002C4BF /* Frameworks */,
				32CAEAD7271B2FA10002C4BF /* Resources */,
			);
			buildRules = (
			);
			dependencies = (
				32CAEADB271B2FA10002C4BF /* PBXTargetDependency */,
			);
			name = UserDefaultsTests;
			productName = UserDefaultsTests;
			productReference = 32CAEAD9271B2FA10002C4BF /* UserDefaultsTests.xctest */;
			productType = "com.apple.product-type.bundle.unit-test";
		};
		32CAEAE3271B2FA10002C4BF /* UserDefaultsUITests */ = {
			isa = PBXNativeTarget;
			buildConfigurationList = 32CAEAF3271B2FA10002C4BF /* Build configuration list for PBXNativeTarget "UserDefaultsUITests" */;
			buildPhases = (
				32CAEAE0271B2FA10002C4BF /* Sources */,
				32CAEAE1271B2FA10002C4BF /* Frameworks */,
				32CAEAE2271B2FA10002C4BF /* Resources */,
			);
			buildRules = (
			);
			dependencies = (
				32CAEAE6271B2FA10002C4BF /* PBXTargetDependency */,
			);
			name = UserDefaultsUITests;
			productName = UserDefaultsUITests;
			productReference = 32CAEAE4271B2FA10002C4BF /* UserDefaultsUITests.xctest */;
			productType = "com.apple.product-type.bundle.ui-testing";
		};
/* End PBXNativeTarget section */

/* Begin PBXProject section */
		32CAEABB271B2F980002C4BF /* Project object */ = {
			isa = PBXProject;
			attributes = {
				LastSwiftUpdateCheck = 1240;
				LastUpgradeCheck = 1240;
				TargetAttributes = {
					32CAEAC2271B2F980002C4BF = {
						CreatedOnToolsVersion = 12.4;
					};
					32CAEAD8271B2FA10002C4BF = {
						CreatedOnToolsVersion = 12.4;
						TestTargetID = 32CAEAC2271B2F980002C4BF;
					};
					32CAEAE3271B2FA10002C4BF = {
						CreatedOnToolsVersion = 12.4;
						TestTargetID = 32CAEAC2271B2F980002C4BF;
					};
				};
			};
			buildConfigurationList = 32CAEABE271B2F980002C4BF /* Build configuration list for PBXProject "UserDefaults" */;
			compatibilityVersion = "Xcode 9.3";
			developmentRegion = en;
			hasScannedForEncodings = 0;
			knownRegions = (
				en,
				Base,
			);
			mainGroup = 32CAEABA271B2F980002C4BF;
			productRefGroup = 32CAEAC4271B2F980002C4BF /* Products */;
			projectDirPath = "";
			projectRoot = "";
			targets = (
				32CAEAC2271B2F980002C4BF /* UserDefaults */,
				32CAEAD8271B2FA10002C4BF /* UserDefaultsTests */,
				32CAEAE3271B2FA10002C4BF /* UserDefaultsUITests */,
			);
		};
/* End PBXProject section */

/* Begin PBXResourcesBuildPhase section */
		32CAEAC1271B2F980002C4BF /* Resources */ = {
			isa = PBXResourcesBuildPhase;
			buildActionMask = 2147483647;
			files = (
				32CAEAD3271B2FA10002C4BF /* LaunchScreen.storyboard in Resources */,
				32CAEAD0271B2FA10002C4BF /* Assets.xcassets in Resources */,
				32CAEACE271B2F980002C4BF /* Main.storyboard in Resources */,
			);
			runOnlyForDeploymentPostprocessing = 0;
		};
		32CAEAD7271B2FA10002C4BF /* Resources */ = {
			isa = PBXResourcesBuildPhase;
			buildActionMask = 2147483647;
			files = (
			);
			runOnlyForDeploymentPostprocessing = 0;
		};
		32CAEAE2271B2FA10002C4BF /* Resources */ = {
			isa = PBXResourcesBuildPhase;
			buildActionMask = 2147483647;
			files = (
			);
			runOnlyForDeploymentPostprocessing = 0;
		};
/* End PBXResourcesBuildPhase section */

/* Begin PBXSourcesBuildPhase section */
		32CAEABF271B2F980002C4BF /* Sources */ = {
			isa = PBXSourcesBuildPhase;
			buildActionMask = 2147483647;
			files = (
				32CAEACB271B2F980002C4BF /* ViewController.swift in Sources */,
				32CAEAC7271B2F980002C4BF /* AppDelegate.swift in Sources */,
				32CAEAC9271B2F980002C4BF /* SceneDelegate.swift in Sources */,
			);
			runOnlyForDeploymentPostprocessing = 0;
		};
		32CAEAD5271B2FA10002C4BF /* Sources */ = {
			isa = PBXSourcesBuildPhase;
			buildActionMask = 2147483647;
			files = (
				32CAEADE271B2FA10002C4BF /* UserDefaultsTests.swift in Sources */,
			);
			runOnlyForDeploymentPostprocessing = 0;
		};
		32CAEAE0271B2FA10002C4BF /* Sources */ = {
			isa = PBXSourcesBuildPhase;
			buildActionMask = 2147483647;
			files = (
				32CAEAE9271B2FA10002C4BF /* UserDefaultsUITests.swift in Sources */,
			);
			runOnlyForDeploymentPostprocessing = 0;
		};
/* End PBXSourcesBuildPhase section */

/* Begin PBXTargetDependency section */
		32CAEADB271B2FA10002C4BF /* PBXTargetDependency */ = {
			isa = PBXTargetDependency;
			target = 32CAEAC2271B2F980002C4BF /* UserDefaults */;
			targetProxy = 32CAEADA271B2FA10002C4BF /* PBXContainerItemProxy */;
		};
		32CAEAE6271B2FA10002C4BF /* PBXTargetDependency */ = {
			isa = PBXTargetDependency;
			target = 32CAEAC2271B2F980002C4BF /* UserDefaults */;
			targetProxy = 32CAEAE5271B2FA10002C4BF /* PBXContainerItemProxy */;
		};
/* End PBXTargetDependency section */

/* Begin PBXVariantGroup section */
		32CAEACC271B2F980002C4BF /* Main.storyboard */ = {
			isa = PBXVariantGroup;
			children = (
				32CAEACD271B2F980002C4BF /* Base */,
			);
			name = Main.storyboard;
			sourceTree = "<group>";
		};
		32CAEAD1271B2FA10002C4BF /* LaunchScreen.storyboard */ = {
			isa = PBXVariantGroup;
			children = (
				32CAEAD2271B2FA10002C4BF /* Base */,
			);
			name = LaunchScreen.storyboard;
			sourceTree = "<group>";
		};
/* End PBXVariantGroup section */

/* Begin XCBuildConfiguration section */
		32CAEAEB271B2FA10002C4BF /* Debug */ = {
			isa = XCBuildConfiguration;
			buildSettings = {
				ALWAYS_SEARCH_USER_PATHS = NO;
				CLANG_ANALYZER_NONNULL = YES;
				CLANG_ANALYZER_NUMBER_OBJECT_CONVERSION = YES_AGGRESSIVE;
				CLANG_CXX_LANGUAGE_STANDARD = "gnu++14";
				CLANG_CXX_LIBRARY = "libc++";
				CLANG_ENABLE_MODULES = YES;
				CLANG_ENABLE_OBJC_ARC = YES;
				CLANG_ENABLE_OBJC_WEAK = YES;
				CLANG_WARN_BLOCK_CAPTURE_AUTORELEASING = YES;
				CLANG_WARN_BOOL_CONVERSION = YES;
				CLANG_WARN_COMMA = YES;
				CLANG_WARN_CONSTANT_CONVERSION = YES;
				CLANG_WARN_DEPRECATED_OBJC_IMPLEMENTATIONS = YES;
				CLANG_WARN_DIRECT_OBJC_ISA_USAGE = YES_ERROR;
				CLANG_WARN_DOCUMENTATION_COMMENTS = YES;
				CLANG_WARN_EMPTY_BODY = YES;
				CLANG_WARN_ENUM_CONVERSION = YES;
				CLANG_WARN_INFINITE_RECURSION = YES;
				CLANG_WARN_INT_CONVERSION = YES;
				CLANG_WARN_NON_LITERAL_NULL_CONVERSION = YES;
				CLANG_WARN_OBJC_IMPLICIT_RETAIN_SELF = YES;
				CLANG_WARN_OBJC_LITERAL_CONVERSION = YES;
				CLANG_WARN_OBJC_ROOT_CLASS = YES_ERROR;
				CLANG_WARN_QUOTED_INCLUDE_IN_FRAMEWORK_HEADER = YES;
				CLANG_WARN_RANGE_LOOP_ANALYSIS = YES;
				CLANG_WARN_STRICT_PROTOTYPES = YES;
				CLANG_WARN_SUSPICIOUS_MOVE = YES;
				CLANG_WARN_UNGUARDED_AVAILABILITY = YES_AGGRESSIVE;
				CLANG_WARN_UNREACHABLE_CODE = YES;
				CLANG_WARN__DUPLICATE_METHOD_MATCH = YES;
				COPY_PHASE_STRIP = NO;
				DEBUG_INFORMATION_FORMAT = dwarf;
				ENABLE_STRICT_OBJC_MSGSEND = YES;
				ENABLE_TESTABILITY = YES;
				GCC_C_LANGUAGE_STANDARD = gnu11;
				GCC_DYNAMIC_NO_PIC = NO;
				GCC_NO_COMMON_BLOCKS = YES;
				GCC_OPTIMIZATION_LEVEL = 0;
				GCC_PREPROCESSOR_DEFINITIONS = (
					"DEBUG=1",
					"$(inherited)",
				);
				GCC_WARN_64_TO_32_BIT_CONVERSION = YES;
				GCC_WARN_ABOUT_RETURN_TYPE = YES_ERROR;
				GCC_WARN_UNDECLARED_SELECTOR = YES;
				GCC_WARN_UNINITIALIZED_AUTOS = YES_AGGRESSIVE;
				GCC_WARN_UNUSED_FUNCTION = YES;
				GCC_WARN_UNUSED_VARIABLE = YES;
				IPHONEOS_DEPLOYMENT_TARGET = 14.4;
				MTL_ENABLE_DEBUG_INFO = INCLUDE_SOURCE;
				MTL_FAST_MATH = YES;
				ONLY_ACTIVE_ARCH = YES;
				SDKROOT = iphoneos;
				SWIFT_ACTIVE_COMPILATION_CONDITIONS = DEBUG;
				SWIFT_OPTIMIZATION_LEVEL = "-Onone";
			};
			name = Debug;
		};
		32CAEAEC271B2FA10002C4BF /* Release */ = {
			isa = XCBuildConfiguration;
			buildSettings = {
				ALWAYS_SEARCH_USER_PATHS = NO;
				CLANG_ANALYZER_NONNULL = YES;
				CLANG_ANALYZER_NUMBER_OBJECT_CONVERSION = YES_AGGRESSIVE;
				CLANG_CXX_LANGUAGE_STANDARD = "gnu++14";
				CLANG_CXX_LIBRARY = "libc++";
				CLANG_ENABLE_MODULES = YES;
				CLANG_ENABLE_OBJC_ARC = YES;
				CLANG_ENABLE_OBJC_WEAK = YES;
				CLANG_WARN_BLOCK_CAPTURE_AUTORELEASING = YES;
				CLANG_WARN_BOOL_CONVERSION = YES;
				CLANG_WARN_COMMA = YES;
				CLANG_WARN_CONSTANT_CONVERSION = YES;
				CLANG_WARN_DEPRECATED_OBJC_IMPLEMENTATIONS = YES;
				CLANG_WARN_DIRECT_OBJC_ISA_USAGE = YES_ERROR;
				CLANG_WARN_DOCUMENTATION_COMMENTS = YES;
				CLANG_WARN_EMPTY_BODY = YES;
				CLANG_WARN_ENUM_CONVERSION = YES;
				CLANG_WARN_INFINITE_RECURSION = YES;
				CLANG_WARN_INT_CONVERSION = YES;
				CLANG_WARN_NON_LITERAL_NULL_CONVERSION = YES;
				CLANG_WARN_OBJC_IMPLICIT_RETAIN_SELF = YES;
				CLANG_WARN_OBJC_LITERAL_CONVERSION = YES;
				CLANG_WARN_OBJC_ROOT_CLASS = YES_ERROR;
				CLANG_WARN_QUOTED_INCLUDE_IN_FRAMEWORK_HEADER = YES;
				CLANG_WARN_RANGE_LOOP_ANALYSIS = YES;
				CLANG_WARN_STRICT_PROTOTYPES = YES;
				CLANG_WARN_SUSPICIOUS_MOVE = YES;
				CLANG_WARN_UNGUARDED_AVAILABILITY = YES_AGGRESSIVE;
				CLANG_WARN_UNREACHABLE_CODE = YES;
				CLANG_WARN__DUPLICATE_METHOD_MATCH = YES;
				COPY_PHASE_STRIP = NO;
				DEBUG_INFORMATION_FORMAT = "dwarf-with-dsym";
				ENABLE_NS_ASSERTIONS = NO;
				ENABLE_STRICT_OBJC_MSGSEND = YES;
				GCC_C_LANGUAGE_STANDARD = gnu11;
				GCC_NO_COMMON_BLOCKS = YES;
				GCC_WARN_64_TO_32_BIT_CONVERSION = YES;
				GCC_WARN_ABOUT_RETURN_TYPE = YES_ERROR;
				GCC_WARN_UNDECLARED_SELECTOR = YES;
				GCC_WARN_UNINITIALIZED_AUTOS = YES_AGGRESSIVE;
				GCC_WARN_UNUSED_FUNCTION = YES;
				GCC_WARN_UNUSED_VARIABLE = YES;
				IPHONEOS_DEPLOYMENT_TARGET = 14.4;
				MTL_ENABLE_DEBUG_INFO = NO;
				MTL_FAST_MATH = YES;
				SDKROOT = iphoneos;
				SWIFT_COMPILATION_MODE = wholemodule;
				SWIFT_OPTIMIZATION_LEVEL = "-O";
				VALIDATE_PRODUCT = YES;
			};
			name = Release;
		};
		32CAEAEE271B2FA10002C4BF /* Debug */ = {
			isa = XCBuildConfiguration;
			buildSettings = {
				ASSETCATALOG_COMPILER_APPICON_NAME = AppIcon;
				ASSETCATALOG_COMPILER_GLOBAL_ACCENT_COLOR_NAME = AccentColor;
				CODE_SIGN_STYLE = Automatic;
				DEVELOPMENT_TEAM = 3DY97BVWHY;
				INFOPLIST_FILE = UserDefaults/Info.plist;
				LD_RUNPATH_SEARCH_PATHS = (
					"$(inherited)",
					"@executable_path/Frameworks",
				);
				PRODUCT_BUNDLE_IDENTIFIER = "Cubit-Solutions.UserDefaults";
				PRODUCT_NAME = "$(TARGET_NAME)";
				SWIFT_VERSION = 5.0;
				TARGETED_DEVICE_FAMILY = "1,2";
			};
			name = Debug;
		};
		32CAEAEF271B2FA10002C4BF /* Release */ = {
			isa = XCBuildConfiguration;
			buildSettings = {
				ASSETCATALOG_COMPILER_APPICON_NAME = AppIcon;
				ASSETCATALOG_COMPILER_GLOBAL_ACCENT_COLOR_NAME = AccentColor;
				CODE_SIGN_STYLE = Automatic;
				DEVELOPMENT_TEAM = 3DY97BVWHY;
				INFOPLIST_FILE = UserDefaults/Info.plist;
				LD_RUNPATH_SEARCH_PATHS = (
					"$(inherited)",
					"@executable_path/Frameworks",
				);
				PRODUCT_BUNDLE_IDENTIFIER = "Cubit-Solutions.UserDefaults";
				PRODUCT_NAME = "$(TARGET_NAME)";
				SWIFT_VERSION = 5.0;
				TARGETED_DEVICE_FAMILY = "1,2";
			};
			name = Release;
		};
		32CAEAF1271B2FA10002C4BF /* Debug */ = {
			isa = XCBuildConfiguration;
			buildSettings = {
				ALWAYS_EMBED_SWIFT_STANDARD_LIBRARIES = YES;
				BUNDLE_LOADER = "$(TEST_HOST)";
				CODE_SIGN_STYLE = Automatic;
				DEVELOPMENT_TEAM = 3DY97BVWHY;
				INFOPLIST_FILE = UserDefaultsTests/Info.plist;
				IPHONEOS_DEPLOYMENT_TARGET = 14.4;
				LD_RUNPATH_SEARCH_PATHS = (
					"$(inherited)",
					"@executable_path/Frameworks",
					"@loader_path/Frameworks",
				);
				PRODUCT_BUNDLE_IDENTIFIER = "Cubit-Solutions.UserDefaultsTests";
				PRODUCT_NAME = "$(TARGET_NAME)";
				SWIFT_VERSION = 5.0;
				TARGETED_DEVICE_FAMILY = "1,2";
				TEST_HOST = "$(BUILT_PRODUCTS_DIR)/UserDefaults.app/UserDefaults";
			};
			name = Debug;
		};
		32CAEAF2271B2FA10002C4BF /* Release */ = {
			isa = XCBuildConfiguration;
			buildSettings = {
				ALWAYS_EMBED_SWIFT_STANDARD_LIBRARIES = YES;
				BUNDLE_LOADER = "$(TEST_HOST)";
				CODE_SIGN_STYLE = Automatic;
				DEVELOPMENT_TEAM = 3DY97BVWHY;
				INFOPLIST_FILE = UserDefaultsTests/Info.plist;
				IPHONEOS_DEPLOYMENT_TARGET = 14.4;
				LD_RUNPATH_SEARCH_PATHS = (
					"$(inherited)",
					"@executable_path/Frameworks",
					"@loader_path/Frameworks",
				);
				PRODUCT_BUNDLE_IDENTIFIER = "Cubit-Solutions.UserDefaultsTests";
				PRODUCT_NAME = "$(TARGET_NAME)";
				SWIFT_VERSION = 5.0;
				TARGETED_DEVICE_FAMILY = "1,2";
				TEST_HOST = "$(BUILT_PRODUCTS_DIR)/UserDefaults.app/UserDefaults";
			};
			name = Release;
		};
		32CAEAF4271B2FA10002C4BF /* Debug */ = {
			isa = XCBuildConfiguration;
			buildSettings = {
				ALWAYS_EMBED_SWIFT_STANDARD_LIBRARIES = YES;
				CODE_SIGN_STYLE = Automatic;
				DEVELOPMENT_TEAM = 3DY97BVWHY;
				INFOPLIST_FILE = UserDefaultsUITests/Info.plist;
				LD_RUNPATH_SEARCH_PATHS = (
					"$(inherited)",
					"@executable_path/Frameworks",
					"@loader_path/Frameworks",
				);
				PRODUCT_BUNDLE_IDENTIFIER = "Cubit-Solutions.UserDefaultsUITests";
				PRODUCT_NAME = "$(TARGET_NAME)";
				SWIFT_VERSION = 5.0;
				TARGETED_DEVICE_FAMILY = "1,2";
				TEST_TARGET_NAME = UserDefaults;
			};
			name = Debug;
		};
		32CAEAF5271B2FA10002C4BF /* Release */ = {
			isa = XCBuildConfiguration;
			buildSettings = {
				ALWAYS_EMBED_SWIFT_STANDARD_LIBRARIES = YES;
				CODE_SIGN_STYLE = Automatic;
				DEVELOPMENT_TEAM = 3DY97BVWHY;
				INFOPLIST_FILE = UserDefaultsUITests/Info.plist;
				LD_RUNPATH_SEARCH_PATHS = (
					"$(inherited)",
					"@executable_path/Frameworks",
					"@loader_path/Frameworks",
				);
				PRODUCT_BUNDLE_IDENTIFIER = "Cubit-Solutions.UserDefaultsUITests";
				PRODUCT_NAME = "$(TARGET_NAME)";
				SWIFT_VERSION = 5.0;
				TARGETED_DEVICE_FAMILY = "1,2";
				TEST_TARGET_NAME = UserDefaults;
			};
			name = Release;
		};
/* End XCBuildConfiguration section */

/* Begin XCConfigurationList section */
		32CAEABE271B2F980002C4BF /* Build configuration list for PBXProject "UserDefaults" */ = {
			isa = XCConfigurationList;
			buildConfigurations = (
				32CAEAEB271B2FA10002C4BF /* Debug */,
				32CAEAEC271B2FA10002C4BF /* Release */,
			);
			defaultConfigurationIsVisible = 0;
			defaultConfigurationName = Release;
		};
		32CAEAED271B2FA10002C4BF /* Build configuration list for PBXNativeTarget "UserDefaults" */ = {
			isa = XCConfigurationList;
			buildConfigurations = (
				32CAEAEE271B2FA10002C4BF /* Debug */,
				32CAEAEF271B2FA10002C4BF /* Release */,
			);
			defaultConfigurationIsVisible = 0;
			defaultConfigurationName = Release;
		};
		32CAEAF0271B2FA10002C4BF /* Build configuration list for PBXNativeTarget "UserDefaultsTests" */ = {
			isa = XCConfigurationList;
			buildConfigurations = (
				32CAEAF1271B2FA10002C4BF /* Debug */,
				32CAEAF2271B2FA10002C4BF /* Release */,
			);
			defaultConfigurationIsVisible = 0;
			defaultConfigurationName = Release;
		};
		32CAEAF3271B2FA10002C4BF /* Build configuration list for PBXNativeTarget "UserDefaultsUITests" */ = {
			isa = XCConfigurationList;
			buildConfigurations = (
				32CAEAF4271B2FA10002C4BF /* Debug */,
				32CAEAF5271B2FA10002C4BF /* Release */,
			);
			defaultConfigurationIsVisible = 0;
			defaultConfigurationName = Release;
		};
/* End XCConfigurationList section */
	};
	rootObject = 32CAEABB271B2F980002C4BF /* Project object */;
}
